
Microsoft Visual Studio Solution File, Format Version 12.00
# Visual Studio 15
VisualStudioVersion = 15.0.28307.106
MinimumVisualStudioVersion = 10.0.40219.1
Project("{FAE04EC0-301F-11D3-BF4B-00C04F79EFBC}") = "Calculadora", "Calculadora\Calculadora.csproj", "{212785F0-E233-4FE7-94F7-5F0EE2371516}"
EndProject
Global
	GlobalSection(SolutionConfigurationPlatforms) = preSolution
		Debug|Any CPU = Debug|Any CPU
		Release|Any CPU = Release|Any CPU
	EndGlobalSection
	GlobalSection(ProjectConfigurationPlatforms) = postSolution
		{212785F0-E233-4FE7-94F7-5F0EE2371516}.Debug|Any CPU.ActiveCfg = Debug|Any CPU
		{212785F0-E233-4FE7-94F7-5F0EE2371516}.Debug|Any CPU.Build.0 = Debug|Any CPU
		{212785F0-E233-4FE7-94F7-5F0EE2371516}.Release|Any CPU.ActiveCfg = Release|Any CPU
		{212785F0-E233-4FE7-94F7-5F0EE2371516}.Release|Any CPU.Build.0 = Release|Any CPU
	EndGlobalSection
	GlobalSection(SolutionProperties) = preSolution
		HideSolutionNode = FALSE
	EndGlobalSection
	GlobalSection(ExtensibilityGlobals) = postSolution
		SolutionGuid = {3A228B38-60C2-4C32-9FAF-0B5A17C36E14}
	EndGlobalSection
EndGlobal
